github.com/danrusei/algorithms_with_Go v0.0.0-20201216130810-9cc133a66adf h1:tUFzS1qBIuUX5rJeg3U5gZqpybBQeND/v9OOM7SwLjI=
github.com/danrusei/algorithms_with_Go/queue v0.0.0-20201216130810-9cc133a66adf h1:a2t/DatOBKaJ7VY8+XVI0H5y6sxl9xiVR/1HRGU1rfk=
github.com/danrusei/algorithms_with_Go/queue v0.0.0-20201216130810-9cc133a66adf/go.mod h1:cE07H2+8XDtJFahsn4ab1/fzsK7+q9iuvQYKdRKAHME=
